
Microsoft Visual Studio Solution File, Format Version 12.00
# Visual Studio Version 17
VisualStudioVersion = 17.0.31919.166
MinimumVisualStudioVersion = 10.0.40219.1
Project("{FAE04EC0-301F-11D3-BF4B-00C04F79EFBC}") = "SystemGlobalServices_TestEx", "SystemGlobalServices_TestEx\SystemGlobalServices_TestEx.csproj", "{FEC97467-200F-403F-9606-2DB273C3DC13}"
EndProject
Global
	GlobalSection(SolutionConfigurationPlatforms) = preSolution
		Debug|Any CPU = Debug|Any CPU
		Release|Any CPU = Release|Any CPU
	EndGlobalSection
	GlobalSection(ProjectConfigurationPlatforms) = postSolution
		{FEC97467-200F-403F-9606-2DB273C3DC13}.Debug|Any CPU.ActiveCfg = Debug|Any CPU
		{FEC97467-200F-403F-9606-2DB273C3DC13}.Debug|Any CPU.Build.0 = Debug|Any CPU
		{FEC97467-200F-403F-9606-2DB273C3DC13}.Release|Any CPU.ActiveCfg = Release|Any CPU
		{FEC97467-200F-403F-9606-2DB273C3DC13}.Release|Any CPU.Build.0 = Release|Any CPU
	EndGlobalSection
	GlobalSection(SolutionProperties) = preSolution
		HideSolutionNode = FALSE
	EndGlobalSection
	GlobalSection(ExtensibilityGlobals) = postSolution
		SolutionGuid = {648F33FF-BF50-44BC-B7AD-59C9DCACA3ED}
	EndGlobalSection
EndGlobal
